// !$*UTF8*$!
{
	archiveVersion = 1;
	classes = {
	};
	objectVersion = 56;
	objects = {

/* Begin PBXBuildFile section */
		8A2093F329B76CD1002F3AEF /* ImageInfoLoader.swift in Sources */ = {isa = PBXBuildFile; fileRef = 8A2093F229B76CD1002F3AEF /* ImageInfoLoader.swift */; };
		8A2093F529B7B2C5002F3AEF /* ImageInfoView.swift in Sources */ = {isa = PBXBuildFile; fileRef = 8A2093F429B7B2C5002F3AEF /* ImageInfoView.swift */; };
		8A2093FB29B7C77F002F3AEF /* Persistance.swift in Sources */ = {isa = PBXBuildFile; fileRef = 8A2093FA29B7C77F002F3AEF /* Persistance.swift */; };
		8A20940C29B7D8D7002F3AEF /* CoreDataHelper.swift in Sources */ = {isa = PBXBuildFile; fileRef = 8A20940B29B7D8D7002F3AEF /* CoreDataHelper.swift */; };
		8A20940E29B7E7B4002F3AEF /* ImageInfoStoreService.swift in Sources */ = {isa = PBXBuildFile; fileRef = 8A20940D29B7E7B4002F3AEF /* ImageInfoStoreService.swift */; };
		8A20940F29B7F765002F3AEF /* ImageInfo+CoreDataProperties.swift in Sources */ = {isa = PBXBuildFile; fileRef = 8A20940829B7D432002F3AEF /* ImageInfo+CoreDataProperties.swift */; };
		8A20941329B8837C002F3AEF /* ImageInfoSave.xcdatamodeld in Sources */ = {isa = PBXBuildFile; fileRef = 8A20941129B8837C002F3AEF /* ImageInfoSave.xcdatamodeld */; };
		8A20941529B890D9002F3AEF /* FavouritesView.swift in Sources */ = {isa = PBXBuildFile; fileRef = 8A20941429B890D9002F3AEF /* FavouritesView.swift */; };
		8A7D96FD29B5E884001F025F /* StoreLabCodingChallengeApp.swift in Sources */ = {isa = PBXBuildFile; fileRef = 8A7D96FC29B5E884001F025F /* StoreLabCodingChallengeApp.swift */; };
		8A7D96FF29B5E884001F025F /* MainView.swift in Sources */ = {isa = PBXBuildFile; fileRef = 8A7D96FE29B5E884001F025F /* MainView.swift */; };
		8A7D970129B5E885001F025F /* Assets.xcassets in Resources */ = {isa = PBXBuildFile; fileRef = 8A7D970029B5E885001F025F /* Assets.xcassets */; };
		8A7D970429B5E885001F025F /* Preview Assets.xcassets in Resources */ = {isa = PBXBuildFile; fileRef = 8A7D970329B5E885001F025F /* Preview Assets.xcassets */; };
		8A7D970E29B5E885001F025F /* StoreLab_Coding_ChallengeTests.swift in Sources */ = {isa = PBXBuildFile; fileRef = 8A7D970D29B5E885001F025F /* StoreLab_Coding_ChallengeTests.swift */; };
		8A7D971829B5E885001F025F /* StoreLab_Coding_ChallengeUITests.swift in Sources */ = {isa = PBXBuildFile; fileRef = 8A7D971729B5E885001F025F /* StoreLab_Coding_ChallengeUITests.swift */; };
		8A7D971A29B5E885001F025F /* StoreLab_Coding_ChallengeUITestsLaunchTests.swift in Sources */ = {isa = PBXBuildFile; fileRef = 8A7D971929B5E885001F025F /* StoreLab_Coding_ChallengeUITestsLaunchTests.swift */; };
		8AC5767129B8F6CD00FA98BF /* ImageInfoStoreServiceUserDefaults.swift in Sources */ = {isa = PBXBuildFile; fileRef = 8AC5767029B8F6CD00FA98BF /* ImageInfoStoreServiceUserDefaults.swift */; };
		8AC5767629B9E27F00FA98BF /* CoreDataTests.swift in Sources */ = {isa = PBXBuildFile; fileRef = 8AC5767529B9E27F00FA98BF /* CoreDataTests.swift */; };
		8AC5767A29B9F45E00FA98BF /* APIManagerMock.swift in Sources */ = {isa = PBXBuildFile; fileRef = 8AC5767929B9F45E00FA98BF /* APIManagerMock.swift */; };
		8AC5767E29B9F57800FA98BF /* ImageInfoListMock.swift in Sources */ = {isa = PBXBuildFile; fileRef = 8AC5767D29B9F57800FA98BF /* ImageInfoListMock.swift */; };
		8AC5768029B9F71700FA98BF /* RequestManagerTests.swift in Sources */ = {isa = PBXBuildFile; fileRef = 8AC5767F29B9F71700FA98BF /* RequestManagerTests.swift */; };
		8AC5768529B9F9CC00FA98BF /* ImageInfoListMock_20_1.json in Resources */ = {isa = PBXBuildFile; fileRef = 8AC5768229B9F9CC00FA98BF /* ImageInfoListMock_20_1.json */; };
		8AC5768629B9F9CC00FA98BF /* ImageInfoListMock_20_2.json in Resources */ = {isa = PBXBuildFile; fileRef = 8AC5768329B9F9CC00FA98BF /* ImageInfoListMock_20_2.json */; };
		8AC5768729B9F9CC00FA98BF /* ImageInfoListMock_20_0.json in Resources */ = {isa = PBXBuildFile; fileRef = 8AC5768429B9F9CC00FA98BF /* ImageInfoListMock_20_0.json */; };
		8AC5768929B9FBCF00FA98BF /* ImageInfoListMock_20_0.json in Resources */ = {isa = PBXBuildFile; fileRef = 8AC5768429B9F9CC00FA98BF /* ImageInfoListMock_20_0.json */; };
		8AC5768A29B9FBCF00FA98BF /* ImageInfoListMock_20_1.json in Resources */ = {isa = PBXBuildFile; fileRef = 8AC5768229B9F9CC00FA98BF /* ImageInfoListMock_20_1.json */; };
		8AC5768B29B9FBCF00FA98BF /* ImageInfoListMock_20_2.json in Resources */ = {isa = PBXBuildFile; fileRef = 8AC5768329B9F9CC00FA98BF /* ImageInfoListMock_20_2.json */; };
		8AC5768E29BA0DDE00FA98BF /* Array.swift in Sources */ = {isa = PBXBuildFile; fileRef = 8AC5768D29BA0DDE00FA98BF /* Array.swift */; };
		8AF906B629B5F6D200E434CA /* ImageInfo.swift in Sources */ = {isa = PBXBuildFile; fileRef = 8AF906B529B5F6D200E434CA /* ImageInfo.swift */; };
		8AF906BB29B5FB2400E434CA /* Request.swift in Sources */ = {isa = PBXBuildFile; fileRef = 8AF906BA29B5FB2400E434CA /* Request.swift */; };
		8AF906BD29B5FBC300E434CA /* APIConstants.swift in Sources */ = {isa = PBXBuildFile; fileRef = 8AF906BC29B5FBC300E434CA /* APIConstants.swift */; };
		8AF906C029B5FCC100E434CA /* NetworkError.swift in Sources */ = {isa = PBXBuildFile; fileRef = 8AF906BF29B5FCC100E434CA /* NetworkError.swift */; };
		8AF906C229B5FD4800E434CA /* ImageRequest.swift in Sources */ = {isa = PBXBuildFile; fileRef = 8AF906C129B5FD4800E434CA /* ImageRequest.swift */; };
		8AF906C429B5FF4200E434CA /* ImageInfoRequest.swift in Sources */ = {isa = PBXBuildFile; fileRef = 8AF906C329B5FF4200E434CA /* ImageInfoRequest.swift */; };
		8AF906C629B6021F00E434CA /* APIManager.swift in Sources */ = {isa = PBXBuildFile; fileRef = 8AF906C529B6021F00E434CA /* APIManager.swift */; };
		8AF906C829B602F900E434CA /* RequestManager.swift in Sources */ = {isa = PBXBuildFile; fileRef = 8AF906C729B602F900E434CA /* RequestManager.swift */; };
		8AF906CB29B6038B00E434CA /* DataParser.swift in Sources */ = {isa = PBXBuildFile; fileRef = 8AF906CA29B6038B00E434CA /* DataParser.swift */; };
		8AF906CE29B605B800E434CA /* ImageView.swift in Sources */ = {isa = PBXBuildFile; fileRef = 8AF906CD29B605B800E434CA /* ImageView.swift */; };
		8AF906D429B60F9900E434CA /* Nuke in Frameworks */ = {isa = PBXBuildFile; productRef = 8AF906D329B60F9900E434CA /* Nuke */; };
		8AF906D629B60F9900E434CA /* NukeUI in Frameworks */ = {isa = PBXBuildFile; productRef = 8AF906D529B60F9900E434CA /* NukeUI */; };
		8AF906D829B629D100E434CA /* ImageGridView.swift in Sources */ = {isa = PBXBuildFile; fileRef = 8AF906D729B629D100E434CA /* ImageGridView.swift */; };
		8AF906DA29B6475A00E434CA /* ImageInfoListRequest.swift in Sources */ = {isa = PBXBuildFile; fileRef = 8AF906D929B6475A00E434CA /* ImageInfoListRequest.swift */; };
		8AF906DE29B761ED00E434CA /* ImageLoader.swift in Sources */ = {isa = PBXBuildFile; fileRef = 8AF906DD29B761ED00E434CA /* ImageLoader.swift */; };
/* End PBXBuildFile section */

/* Begin PBXContainerItemProxy section */
		8A7D970A29B5E885001F025F /* PBXContainerItemProxy */ = {
			isa = PBXContainerItemProxy;
			containerPortal = 8A7D96F129B5E884001F025F /* Project object */;
			proxyType = 1;
			remoteGlobalIDString = 8A7D96F829B5E884001F025F;
			remoteInfo = "StoreLab Coding Challenge";
		};
		8A7D971429B5E885001F025F /* PBXContainerItemProxy */ = {
			isa = PBXContainerItemProxy;
			containerPortal = 8A7D96F129B5E884001F025F /* Project object */;
			proxyType = 1;
			remoteGlobalIDString = 8A7D96F829B5E884001F025F;
			remoteInfo = "StoreLab Coding Challenge";
		};
/* End PBXContainerItemProxy section */

/* Begin PBXFileReference section */
		8A2093F229B76CD1002F3AEF /* ImageInfoLoader.swift */ = {isa = PBXFileReference; lastKnownFileType = sourcecode.swift; path = ImageInfoLoader.swift; sourceTree = "<group>"; };
		8A2093F429B7B2C5002F3AEF /* ImageInfoView.swift */ = {isa = PBXFileReference; lastKnownFileType = sourcecode.swift; path = ImageInfoView.swift; sourceTree = "<group>"; };
		8A2093FA29B7C77F002F3AEF /* Persistance.swift */ = {isa = PBXFileReference; lastKnownFileType = sourcecode.swift; path = Persistance.swift; sourceTree = "<group>"; };
		8A20940829B7D432002F3AEF /* ImageInfo+CoreDataProperties.swift */ = {isa = PBXFileReference; lastKnownFileType = sourcecode.swift; path = "ImageInfo+CoreDataProperties.swift"; sourceTree = "<group>"; };
		8A20940B29B7D8D7002F3AEF /* CoreDataHelper.swift */ = {isa = PBXFileReference; lastKnownFileType = sourcecode.swift; path = CoreDataHelper.swift; sourceTree = "<group>"; };
		8A20940D29B7E7B4002F3AEF /* ImageInfoStoreService.swift */ = {isa = PBXFileReference; lastKnownFileType = sourcecode.swift; path = ImageInfoStoreService.swift; sourceTree = "<group>"; };
		8A20941229B8837C002F3AEF /* ImageInfoSave.xcdatamodel */ = {isa = PBXFileReference; lastKnownFileType = wrapper.xcdatamodel; path = ImageInfoSave.xcdatamodel; sourceTree = "<group>"; };
		8A20941429B890D9002F3AEF /* FavouritesView.swift */ = {isa = PBXFileReference; lastKnownFileType = sourcecode.swift; path = FavouritesView.swift; sourceTree = "<group>"; };
		8A7D96F929B5E884001F025F /* StoreLab Coding Challenge.app */ = {isa = PBXFileReference; explicitFileType = wrapper.application; includeInIndex = 0; path = "StoreLab Coding Challenge.app"; sourceTree = BUILT_PRODUCTS_DIR; };
		8A7D96FC29B5E884001F025F /* StoreLabCodingChallengeApp.swift */ = {isa = PBXFileReference; lastKnownFileType = sourcecode.swift; path = StoreLabCodingChallengeApp.swift; sourceTree = "<group>"; };
		8A7D96FE29B5E884001F025F /* MainView.swift */ = {isa = PBXFileReference; lastKnownFileType = sourcecode.swift; path = MainView.swift; sourceTree = "<group>"; };
		8A7D970029B5E885001F025F /* Assets.xcassets */ = {isa = PBXFileReference; lastKnownFileType = folder.assetcatalog; path = Assets.xcassets; sourceTree = "<group>"; };
		8A7D970329B5E885001F025F /* Preview Assets.xcassets */ = {isa = PBXFileReference; lastKnownFileType = folder.assetcatalog; path = "Preview Assets.xcassets"; sourceTree = "<group>"; };
		8A7D970929B5E885001F025F /* StoreLab Coding ChallengeTests.xctest */ = {isa = PBXFileReference; explicitFileType = wrapper.cfbundle; includeInIndex = 0; path = "StoreLab Coding ChallengeTests.xctest"; sourceTree = BUILT_PRODUCTS_DIR; };
		8A7D970D29B5E885001F025F /* StoreLab_Coding_ChallengeTests.swift */ = {isa = PBXFileReference; lastKnownFileType = sourcecode.swift; path = StoreLab_Coding_ChallengeTests.swift; sourceTree = "<group>"; };
		8A7D971329B5E885001F025F /* StoreLab Coding ChallengeUITests.xctest */ = {isa = PBXFileReference; explicitFileType = wrapper.cfbundle; includeInIndex = 0; path = "StoreLab Coding ChallengeUITests.xctest"; sourceTree = BUILT_PRODUCTS_DIR; };
		8A7D971729B5E885001F025F /* StoreLab_Coding_ChallengeUITests.swift */ = {isa = PBXFileReference; lastKnownFileType = sourcecode.swift; path = StoreLab_Coding_ChallengeUITests.swift; sourceTree = "<group>"; };
		8A7D971929B5E885001F025F /* StoreLab_Coding_ChallengeUITestsLaunchTests.swift */ = {isa = PBXFileReference; lastKnownFileType = sourcecode.swift; path = StoreLab_Coding_ChallengeUITestsLaunchTests.swift; sourceTree = "<group>"; };
		8AC5766F29B8C45700FA98BF /* README.md */ = {isa = PBXFileReference; lastKnownFileType = net.daringfireball.markdown; path = README.md; sourceTree = "<group>"; };
		8AC5767029B8F6CD00FA98BF /* ImageInfoStoreServiceUserDefaults.swift */ = {isa = PBXFileReference; lastKnownFileType = sourcecode.swift; path = ImageInfoStoreServiceUserDefaults.swift; sourceTree = "<group>"; };
		8AC5767529B9E27F00FA98BF /* CoreDataTests.swift */ = {isa = PBXFileReference; lastKnownFileType = sourcecode.swift; path = CoreDataTests.swift; sourceTree = "<group>"; };
		8AC5767929B9F45E00FA98BF /* APIManagerMock.swift */ = {isa = PBXFileReference; lastKnownFileType = sourcecode.swift; path = APIManagerMock.swift; sourceTree = "<group>"; };
		8AC5767D29B9F57800FA98BF /* ImageInfoListMock.swift */ = {isa = PBXFileReference; lastKnownFileType = sourcecode.swift; path = ImageInfoListMock.swift; sourceTree = "<group>"; };
		8AC5767F29B9F71700FA98BF /* RequestManagerTests.swift */ = {isa = PBXFileReference; lastKnownFileType = sourcecode.swift; path = RequestManagerTests.swift; sourceTree = "<group>"; };
		8AC5768229B9F9CC00FA98BF /* ImageInfoListMock_20_1.json */ = {isa = PBXFileReference; fileEncoding = 4; lastKnownFileType = text.json; path = ImageInfoListMock_20_1.json; sourceTree = "<group>"; };
		8AC5768329B9F9CC00FA98BF /* ImageInfoListMock_20_2.json */ = {isa = PBXFileReference; fileEncoding = 4; lastKnownFileType = text.json; path = ImageInfoListMock_20_2.json; sourceTree = "<group>"; };
		8AC5768429B9F9CC00FA98BF /* ImageInfoListMock_20_0.json */ = {isa = PBXFileReference; fileEncoding = 4; lastKnownFileType = text.json; path = ImageInfoListMock_20_0.json; sourceTree = "<group>"; };
		8AC5768D29BA0DDE00FA98BF /* Array.swift */ = {isa = PBXFileReference; lastKnownFileType = sourcecode.swift; path = Array.swift; sourceTree = "<group>"; };
		8AF906B529B5F6D200E434CA /* ImageInfo.swift */ = {isa = PBXFileReference; lastKnownFileType = sourcecode.swift; path = ImageInfo.swift; sourceTree = "<group>"; };
		8AF906BA29B5FB2400E434CA /* Request.swift */ = {isa = PBXFileReference; lastKnownFileType = sourcecode.swift; path = Request.swift; sourceTree = "<group>"; };
		8AF906BC29B5FBC300E434CA /* APIConstants.swift */ = {isa = PBXFileReference; lastKnownFileType = sourcecode.swift; path = APIConstants.swift; sourceTree = "<group>"; };
		8AF906BF29B5FCC100E434CA /* NetworkError.swift */ = {isa = PBXFileReference; lastKnownFileType = sourcecode.swift; path = NetworkError.swift; sourceTree = "<group>"; };
		8AF906C129B5FD4800E434CA /* ImageRequest.swift */ = {isa = PBXFileReference; lastKnownFileType = sourcecode.swift; path = ImageRequest.swift; sourceTree = "<group>"; };
		8AF906C329B5FF4200E434CA /* ImageInfoRequest.swift */ = {isa = PBXFileReference; lastKnownFileType = sourcecode.swift; path = ImageInfoRequest.swift; sourceTree = "<group>"; };
		8AF906C529B6021F00E434CA /* APIManager.swift */ = {isa = PBXFileReference; lastKnownFileType = sourcecode.swift; path = APIManager.swift; sourceTree = "<group>"; };
		8AF906C729B602F900E434CA /* RequestManager.swift */ = {isa = PBXFileReference; lastKnownFileType = sourcecode.swift; path = RequestManager.swift; sourceTree = "<group>"; };
		8AF906CA29B6038B00E434CA /* DataParser.swift */ = {isa = PBXFileReference; lastKnownFileType = sourcecode.swift; path = DataParser.swift; sourceTree = "<group>"; };
		8AF906CD29B605B800E434CA /* ImageView.swift */ = {isa = PBXFileReference; lastKnownFileType = sourcecode.swift; path = ImageView.swift; sourceTree = "<group>"; };
		8AF906D729B629D100E434CA /* ImageGridView.swift */ = {isa = PBXFileReference; lastKnownFileType = sourcecode.swift; path = ImageGridView.swift; sourceTree = "<group>"; };
		8AF906D929B6475A00E434CA /* ImageInfoListRequest.swift */ = {isa = PBXFileReference; lastKnownFileType = sourcecode.swift; path = ImageInfoListRequest.swift; sourceTree = "<group>"; };
		8AF906DD29B761ED00E434CA /* ImageLoader.swift */ = {isa = PBXFileReference; lastKnownFileType = sourcecode.swift; path = ImageLoader.swift; sourceTree = "<group>"; };
/* End PBXFileReference section */

/* Begin PBXFrameworksBuildPhase section */
		8A7D96F629B5E884001F025F /* Frameworks */ = {
			isa = PBXFrameworksBuildPhase;
			buildActionMask = 2147483647;
			files = (
				8AF906D429B60F9900E434CA /* Nuke in Frameworks */,
				8AF906D629B60F9900E434CA /* NukeUI in Frameworks */,
			);
			runOnlyForDeploymentPostprocessing = 0;
		};
		8A7D970629B5E885001F025F /* Frameworks */ = {
			isa = PBXFrameworksBuildPhase;
			buildActionMask = 2147483647;
			files = (
			);
			runOnlyForDeploymentPostprocessing = 0;
		};
		8A7D971029B5E885001F025F /* Frameworks */ = {
			isa = PBXFrameworksBuildPhase;
			buildActionMask = 2147483647;
			files = (
			);
			runOnlyForDeploymentPostprocessing = 0;
		};
/* End PBXFrameworksBuildPhase section */

/* Begin PBXGroup section */
		8A2093F629B7BC47002F3AEF /* CoreData */ = {
			isa = PBXGroup;
			children = (
				8A2093FC29B7C7E7002F3AEF /* Extensions */,
				8A2093FA29B7C77F002F3AEF /* Persistance.swift */,
				8A20940B29B7D8D7002F3AEF /* CoreDataHelper.swift */,
				8A20941129B8837C002F3AEF /* ImageInfoSave.xcdatamodeld */,
			);
			path = CoreData;
			sourceTree = "<group>";
		};
		8A2093FC29B7C7E7002F3AEF /* Extensions */ = {
			isa = PBXGroup;
			children = (
				8A20940829B7D432002F3AEF /* ImageInfo+CoreDataProperties.swift */,
			);
			path = Extensions;
			sourceTree = "<group>";
		};
		8A7D96F029B5E884001F025F = {
			isa = PBXGroup;
			children = (
				8AC5766F29B8C45700FA98BF /* README.md */,
				8A7D96FB29B5E884001F025F /* StoreLab Coding Challenge */,
				8A7D970C29B5E885001F025F /* StoreLab Coding ChallengeTests */,
				8A7D971629B5E885001F025F /* StoreLab Coding ChallengeUITests */,
				8A7D96FA29B5E884001F025F /* Products */,
			);
			sourceTree = "<group>";
		};
		8A7D96FA29B5E884001F025F /* Products */ = {
			isa = PBXGroup;
			children = (
				8A7D96F929B5E884001F025F /* StoreLab Coding Challenge.app */,
				8A7D970929B5E885001F025F /* StoreLab Coding ChallengeTests.xctest */,
				8A7D971329B5E885001F025F /* StoreLab Coding ChallengeUITests.xctest */,
			);
			name = Products;
			sourceTree = "<group>";
		};
		8A7D96FB29B5E884001F025F /* StoreLab Coding Challenge */ = {
			isa = PBXGroup;
			children = (
				8AF906B129B5F2FC00E434CA /* Core */,
				8A7D972729B5E9DE001F025F /* View */,
				8A7D972629B5E9D5001F025F /* ViewModel */,
				8A7D96FC29B5E884001F025F /* StoreLabCodingChallengeApp.swift */,
				8A7D970029B5E885001F025F /* Assets.xcassets */,
				8A7D970229B5E885001F025F /* Preview Content */,
			);
			path = "StoreLab Coding Challenge";
			sourceTree = "<group>";
		};
		8A7D970229B5E885001F025F /* Preview Content */ = {
			isa = PBXGroup;
			children = (
				8AC5768129B9F7E800FA98BF /* ImageInfoListMock */,
				8A7D970329B5E885001F025F /* Preview Assets.xcassets */,
			);
			path = "Preview Content";
			sourceTree = "<group>";
		};
		8A7D970C29B5E885001F025F /* StoreLab Coding ChallengeTests */ = {
			isa = PBXGroup;
			children = (
				8AC5767229B9E20B00FA98BF /* Core */,
				8A7D970D29B5E885001F025F /* StoreLab_Coding_ChallengeTests.swift */,
			);
			path = "StoreLab Coding ChallengeTests";
			sourceTree = "<group>";
		};
		8A7D971629B5E885001F025F /* StoreLab Coding ChallengeUITests */ = {
			isa = PBXGroup;
			children = (
				8A7D971729B5E885001F025F /* StoreLab_Coding_ChallengeUITests.swift */,
				8A7D971929B5E885001F025F /* StoreLab_Coding_ChallengeUITestsLaunchTests.swift */,
			);
			path = "StoreLab Coding ChallengeUITests";
			sourceTree = "<group>";
		};
		8A7D972629B5E9D5001F025F /* ViewModel */ = {
			isa = PBXGroup;
			children = (
				8AF906DD29B761ED00E434CA /* ImageLoader.swift */,
				8A2093F229B76CD1002F3AEF /* ImageInfoLoader.swift */,
				8A20940D29B7E7B4002F3AEF /* ImageInfoStoreService.swift */,
				8AC5767029B8F6CD00FA98BF /* ImageInfoStoreServiceUserDefaults.swift */,
			);
			path = ViewModel;
			sourceTree = "<group>";
		};
		8A7D972729B5E9DE001F025F /* View */ = {
			isa = PBXGroup;
			children = (
				8A7D96FE29B5E884001F025F /* MainView.swift */,
				8AF906CD29B605B800E434CA /* ImageView.swift */,
				8AF906D729B629D100E434CA /* ImageGridView.swift */,
				8A2093F429B7B2C5002F3AEF /* ImageInfoView.swift */,
				8A20941429B890D9002F3AEF /* FavouritesView.swift */,
			);
			path = View;
			sourceTree = "<group>";
		};
		8AC5767229B9E20B00FA98BF /* Core */ = {
			isa = PBXGroup;
			children = (
				8AC5767329B9E21A00FA98BF /* Data */,
			);
			path = Core;
			sourceTree = "<group>";
		};
		8AC5767329B9E21A00FA98BF /* Data */ = {
			isa = PBXGroup;
			children = (
				8AC5767729B9E8B200FA98BF /* API */,
				8AC5767429B9E26500FA98BF /* CoreData */,
			);
			path = Data;
			sourceTree = "<group>";
		};
		8AC5767429B9E26500FA98BF /* CoreData */ = {
			isa = PBXGroup;
			children = (
				8AC5767529B9E27F00FA98BF /* CoreDataTests.swift */,
			);
			path = CoreData;
			sourceTree = "<group>";
		};
		8AC5767729B9E8B200FA98BF /* API */ = {
			isa = PBXGroup;
			children = (
				8AC5767829B9F44F00FA98BF /* Mock */,
				8AC5767F29B9F71700FA98BF /* RequestManagerTests.swift */,
			);
			path = API;
			sourceTree = "<group>";
		};
		8AC5767829B9F44F00FA98BF /* Mock */ = {
			isa = PBXGroup;
			children = (
				8AC5767929B9F45E00FA98BF /* APIManagerMock.swift */,
				8AC5767D29B9F57800FA98BF /* ImageInfoListMock.swift */,
			);
			path = Mock;
			sourceTree = "<group>";
		};
		8AC5768129B9F7E800FA98BF /* ImageInfoListMock */ = {
			isa = PBXGroup;
			children = (
				8AC5768429B9F9CC00FA98BF /* ImageInfoListMock_20_0.json */,
				8AC5768229B9F9CC00FA98BF /* ImageInfoListMock_20_1.json */,
				8AC5768329B9F9CC00FA98BF /* ImageInfoListMock_20_2.json */,
			);
			path = ImageInfoListMock;
			sourceTree = "<group>";
		};
		8AC5768C29BA0DD200FA98BF /* Extensions */ = {
			isa = PBXGroup;
			children = (
				8AC5768D29BA0DDE00FA98BF /* Array.swift */,
			);
			path = Extensions;
			sourceTree = "<group>";
		};
		8AF906B129B5F2FC00E434CA /* Core */ = {
			isa = PBXGroup;
			children = (
				8AC5768C29BA0DD200FA98BF /* Extensions */,
				8AF906B229B5F35300E434CA /* Data */,
				8AF906B429B5F37C00E434CA /* Domain */,
			);
			path = Core;
			sourceTree = "<group>";
		};
		8AF906B229B5F35300E434CA /* Data */ = {
			isa = PBXGroup;
			children = (
				8A2093F629B7BC47002F3AEF /* CoreData */,
				8AF906B929B5FAD700E434CA /* API */,
			);
			path = Data;
			sourceTree = "<group>";
		};
		8AF906B329B5F35900E434CA /* Model */ = {
			isa = PBXGroup;
			children = (
				8AF906B529B5F6D200E434CA /* ImageInfo.swift */,
			);
			path = Model;
			sourceTree = "<group>";
		};
		8AF906B429B5F37C00E434CA /* Domain */ = {
			isa = PBXGroup;
			children = (
				8AF906B329B5F35900E434CA /* Model */,
			);
			path = Domain;
			sourceTree = "<group>";
		};
		8AF906B929B5FAD700E434CA /* API */ = {
			isa = PBXGroup;
			children = (
				8AF906CC29B6044D00E434CA /* Request */,
				8AF906C929B6038200E434CA /* Parser */,
				8AF906BE29B5FCB500E434CA /* Network */,
				8AF906BC29B5FBC300E434CA /* APIConstants.swift */,
			);
			path = API;
			sourceTree = "<group>";
		};
		8AF906BE29B5FCB500E434CA /* Network */ = {
			isa = PBXGroup;
			children = (
				8AF906BF29B5FCC100E434CA /* NetworkError.swift */,
				8AF906C529B6021F00E434CA /* APIManager.swift */,
				8AF906C729B602F900E434CA /* RequestManager.swift */,
			);
			path = Network;
			sourceTree = "<group>";
		};
		8AF906C929B6038200E434CA /* Parser */ = {
			isa = PBXGroup;
			children = (
				8AF906CA29B6038B00E434CA /* DataParser.swift */,
			);
			path = Parser;
			sourceTree = "<group>";
		};
		8AF906CC29B6044D00E434CA /* Request */ = {
			isa = PBXGroup;
			children = (
				8AF906BA29B5FB2400E434CA /* Request.swift */,
				8AF906C129B5FD4800E434CA /* ImageRequest.swift */,
				8AF906C329B5FF4200E434CA /* ImageInfoRequest.swift */,
				8AF906D929B6475A00E434CA /* ImageInfoListRequest.swift */,
			);
			path = Request;
			sourceTree = "<group>";
		};
/* End PBXGroup section */

/* Begin PBXNativeTarget section */
		8A7D96F829B5E884001F025F /* StoreLab Coding Challenge */ = {
			isa = PBXNativeTarget;
			buildConfigurationList = 8A7D971D29B5E885001F025F /* Build configuration list for PBXNativeTarget "StoreLab Coding Challenge" */;
			buildPhases = (
				8A7D96F529B5E884001F025F /* Sources */,
				8A7D96F629B5E884001F025F /* Frameworks */,
				8A7D96F729B5E884001F025F /* Resources */,
			);
			buildRules = (
			);
			dependencies = (
			);
			name = "StoreLab Coding Challenge";
			packageProductDependencies = (
				8AF906D329B60F9900E434CA /* Nuke */,
				8AF906D529B60F9900E434CA /* NukeUI */,
			);
			productName = "StoreLab Coding Challenge";
			productReference = 8A7D96F929B5E884001F025F /* StoreLab Coding Challenge.app */;
			productType = "com.apple.product-type.application";
		};
		8A7D970829B5E885001F025F /* StoreLab Coding ChallengeTests */ = {
			isa = PBXNativeTarget;
			buildConfigurationList = 8A7D972029B5E885001F025F /* Build configuration list for PBXNativeTarget "StoreLab Coding ChallengeTests" */;
			buildPhases = (
				8A7D970529B5E885001F025F /* Sources */,
				8A7D970629B5E885001F025F /* Frameworks */,
				8A7D970729B5E885001F025F /* Resources */,
			);
			buildRules = (
			);
			dependencies = (
				8A7D970B29B5E885001F025F /* PBXTargetDependency */,
			);
			name = "StoreLab Coding ChallengeTests";
			productName = "StoreLab Coding ChallengeTests";
			productReference = 8A7D970929B5E885001F025F /* StoreLab Coding ChallengeTests.xctest */;
			productType = "com.apple.product-type.bundle.unit-test";
		};
		8A7D971229B5E885001F025F /* StoreLab Coding ChallengeUITests */ = {
			isa = PBXNativeTarget;
			buildConfigurationList = 8A7D972329B5E885001F025F /* Build configuration list for PBXNativeTarget "StoreLab Coding ChallengeUITests" */;
			buildPhases = (
				8A7D970F29B5E885001F025F /* Sources */,
				8A7D971029B5E885001F025F /* Frameworks */,
				8A7D971129B5E885001F025F /* Resources */,
			);
			buildRules = (
			);
			dependencies = (
				8A7D971529B5E885001F025F /* PBXTargetDependency */,
			);
			name = "StoreLab Coding ChallengeUITests";
			productName = "StoreLab Coding ChallengeUITests";
			productReference = 8A7D971329B5E885001F025F /* StoreLab Coding ChallengeUITests.xctest */;
			productType = "com.apple.product-type.bundle.ui-testing";
		};
/* End PBXNativeTarget section */

/* Begin PBXProject section */
		8A7D96F129B5E884001F025F /* Project object */ = {
			isa = PBXProject;
			attributes = {
				BuildIndependentTargetsInParallel = 1;
				LastSwiftUpdateCheck = 1420;
				LastUpgradeCheck = 1420;
				TargetAttributes = {
					8A7D96F829B5E884001F025F = {
						CreatedOnToolsVersion = 14.2;
					};
					8A7D970829B5E885001F025F = {
						CreatedOnToolsVersion = 14.2;
						TestTargetID = 8A7D96F829B5E884001F025F;
					};
					8A7D971229B5E885001F025F = {
						CreatedOnToolsVersion = 14.2;
						TestTargetID = 8A7D96F829B5E884001F025F;
					};
				};
			};
			buildConfigurationList = 8A7D96F429B5E884001F025F /* Build configuration list for PBXProject "StoreLab Coding Challenge" */;
			compatibilityVersion = "Xcode 14.0";
			developmentRegion = en;
			hasScannedForEncodings = 0;
			knownRegions = (
				en,
				Base,
			);
			mainGroup = 8A7D96F029B5E884001F025F;
			packageReferences = (
				8AF906D229B60F9900E434CA /* XCRemoteSwiftPackageReference "Nuke" */,
			);
			productRefGroup = 8A7D96FA29B5E884001F025F /* Products */;
			projectDirPath = "";
			projectRoot = "";
			targets = (
				8A7D96F829B5E884001F025F /* StoreLab Coding Challenge */,
				8A7D970829B5E885001F025F /* StoreLab Coding ChallengeTests */,
				8A7D971229B5E885001F025F /* StoreLab Coding ChallengeUITests */,
			);
		};
/* End PBXProject section */

/* Begin PBXResourcesBuildPhase section */
		8A7D96F729B5E884001F025F /* Resources */ = {
			isa = PBXResourcesBuildPhase;
			buildActionMask = 2147483647;
			files = (
				8AC5768929B9FBCF00FA98BF /* ImageInfoListMock_20_0.json in Resources */,
				8AC5768A29B9FBCF00FA98BF /* ImageInfoListMock_20_1.json in Resources */,
				8AC5768B29B9FBCF00FA98BF /* ImageInfoListMock_20_2.json in Resources */,
				8A7D970429B5E885001F025F /* Preview Assets.xcassets in Resources */,
				8A7D970129B5E885001F025F /* Assets.xcassets in Resources */,
			);
			runOnlyForDeploymentPostprocessing = 0;
		};
		8A7D970729B5E885001F025F /* Resources */ = {
			isa = PBXResourcesBuildPhase;
			buildActionMask = 2147483647;
			files = (
				8AC5768629B9F9CC00FA98BF /* ImageInfoListMock_20_2.json in Resources */,
				8AC5768729B9F9CC00FA98BF /* ImageInfoListMock_20_0.json in Resources */,
				8AC5768529B9F9CC00FA98BF /* ImageInfoListMock_20_1.json in Resources */,
			);
			runOnlyForDeploymentPostprocessing = 0;
		};
		8A7D971129B5E885001F025F /* Resources */ = {
			isa = PBXResourcesBuildPhase;
			buildActionMask = 2147483647;
			files = (
			);
			runOnlyForDeploymentPostprocessing = 0;
		};
/* End PBXResourcesBuildPhase section */

/* Begin PBXSourcesBuildPhase section */
		8A7D96F529B5E884001F025F /* Sources */ = {
			isa = PBXSourcesBuildPhase;
			buildActionMask = 2147483647;
			files = (
				8AF906DA29B6475A00E434CA /* ImageInfoListRequest.swift in Sources */,
				8A2093FB29B7C77F002F3AEF /* Persistance.swift in Sources */,
				8AF906C029B5FCC100E434CA /* NetworkError.swift in Sources */,
				8A20940E29B7E7B4002F3AEF /* ImageInfoStoreService.swift in Sources */,
				8AF906DE29B761ED00E434CA /* ImageLoader.swift in Sources */,
				8AF906B629B5F6D200E434CA /* ImageInfo.swift in Sources */,
				8AC5767129B8F6CD00FA98BF /* ImageInfoStoreServiceUserDefaults.swift in Sources */,
				8AF906C829B602F900E434CA /* RequestManager.swift in Sources */,
				8AF906CE29B605B800E434CA /* ImageView.swift in Sources */,
				8A20940C29B7D8D7002F3AEF /* CoreDataHelper.swift in Sources */,
				8A2093F329B76CD1002F3AEF /* ImageInfoLoader.swift in Sources */,
				8A20941329B8837C002F3AEF /* ImageInfoSave.xcdatamodeld in Sources */,
				8A2093F529B7B2C5002F3AEF /* ImageInfoView.swift in Sources */,
				8AF906CB29B6038B00E434CA /* DataParser.swift in Sources */,
				8A7D96FF29B5E884001F025F /* MainView.swift in Sources */,
				8AF906D829B629D100E434CA /* ImageGridView.swift in Sources */,
				8A20940F29B7F765002F3AEF /* ImageInfo+CoreDataProperties.swift in Sources */,
				8A20941529B890D9002F3AEF /* FavouritesView.swift in Sources */,
				8AF906C629B6021F00E434CA /* APIManager.swift in Sources */,
				8A7D96FD29B5E884001F025F /* StoreLabCodingChallengeApp.swift in Sources */,
				8AF906C429B5FF4200E434CA /* ImageInfoRequest.swift in Sources */,
				8AC5768E29BA0DDE00FA98BF /* Array.swift in Sources */,
				8AF906BB29B5FB2400E434CA /* Request.swift in Sources */,
				8AF906BD29B5FBC300E434CA /* APIConstants.swift in Sources */,
				8AF906C229B5FD4800E434CA /* ImageRequest.swift in Sources */,
			);
			runOnlyForDeploymentPostprocessing = 0;
		};
		8A7D970529B5E885001F025F /* Sources */ = {
			isa = PBXSourcesBuildPhase;
			buildActionMask = 2147483647;
			files = (
				8AC5767A29B9F45E00FA98BF /* APIManagerMock.swift in Sources */,
				8AC5768029B9F71700FA98BF /* RequestManagerTests.swift in Sources */,
				8AC5767629B9E27F00FA98BF /* CoreDataTests.swift in Sources */,
				8A7D970E29B5E885001F025F /* StoreLab_Coding_ChallengeTests.swift in Sources */,
				8AC5767E29B9F57800FA98BF /* ImageInfoListMock.swift in Sources */,
			);
			runOnlyForDeploymentPostprocessing = 0;
		};
		8A7D970F29B5E885001F025F /* Sources */ = {
			isa = PBXSourcesBuildPhase;
			buildActionMask = 2147483647;
			files = (
				8A7D971A29B5E885001F025F /* StoreLab_Coding_ChallengeUITestsLaunchTests.swift in Sources */,
				8A7D971829B5E885001F025F /* StoreLab_Coding_ChallengeUITests.swift in Sources */,
			);
			runOnlyForDeploymentPostprocessing = 0;
		};
/* End PBXSourcesBuildPhase section */

/* Begin PBXTargetDependency section */
		8A7D970B29B5E885001F025F /* PBXTargetDependency */ = {
			isa = PBXTargetDependency;
			target = 8A7D96F829B5E884001F025F /* StoreLab Coding Challenge */;
			targetProxy = 8A7D970A29B5E885001F025F /* PBXContainerItemProxy */;
		};
		8A7D971529B5E885001F025F /* PBXTargetDependency */ = {
			isa = PBXTargetDependency;
			target = 8A7D96F829B5E884001F025F /* StoreLab Coding Challenge */;
			targetProxy = 8A7D971429B5E885001F025F /* PBXContainerItemProxy */;
		};
/* End PBXTargetDependency section */

/* Begin XCBuildConfiguration section */
		8A7D971B29B5E885001F025F /* Debug */ = {
			isa = XCBuildConfiguration;
			buildSettings = {
				ALWAYS_SEARCH_USER_PATHS = NO;
				CLANG_ANALYZER_NONNULL = YES;
				CLANG_ANALYZER_NUMBER_OBJECT_CONVERSION = YES_AGGRESSIVE;
				CLANG_CXX_LANGUAGE_STANDARD = "gnu++20";
				CLANG_ENABLE_MODULES = YES;
				CLANG_ENABLE_OBJC_ARC = YES;
				CLANG_ENABLE_OBJC_WEAK = YES;
				CLANG_WARN_BLOCK_CAPTURE_AUTORELEASING = YES;
				CLANG_WARN_BOOL_CONVERSION = YES;
				CLANG_WARN_COMMA = YES;
				CLANG_WARN_CONSTANT_CONVERSION = YES;
				CLANG_WARN_DEPRECATED_OBJC_IMPLEMENTATIONS = YES;
				CLANG_WARN_DIRECT_OBJC_ISA_USAGE = YES_ERROR;
				CLANG_WARN_DOCUMENTATION_COMMENTS = YES;
				CLANG_WARN_EMPTY_BODY = YES;
				CLANG_WARN_ENUM_CONVERSION = YES;
				CLANG_WARN_INFINITE_RECURSION = YES;
				CLANG_WARN_INT_CONVERSION = YES;
				CLANG_WARN_NON_LITERAL_NULL_CONVERSION = YES;
				CLANG_WARN_OBJC_IMPLICIT_RETAIN_SELF = YES;
				CLANG_WARN_OBJC_LITERAL_CONVERSION = YES;
				CLANG_WARN_OBJC_ROOT_CLASS = YES_ERROR;
				CLANG_WARN_QUOTED_INCLUDE_IN_FRAMEWORK_HEADER = YES;
				CLANG_WARN_RANGE_LOOP_ANALYSIS = YES;
				CLANG_WARN_STRICT_PROTOTYPES = YES;
				CLANG_WARN_SUSPICIOUS_MOVE = YES;
				CLANG_WARN_UNGUARDED_AVAILABILITY = YES_AGGRESSIVE;
				CLANG_WARN_UNREACHABLE_CODE = YES;
				CLANG_WARN__DUPLICATE_METHOD_MATCH = YES;
				COPY_PHASE_STRIP = NO;
				DEBUG_INFORMATION_FORMAT = dwarf;
				ENABLE_STRICT_OBJC_MSGSEND = YES;
				ENABLE_TESTABILITY = YES;
				GCC_C_LANGUAGE_STANDARD = gnu11;
				GCC_DYNAMIC_NO_PIC = NO;
				GCC_NO_COMMON_BLOCKS = YES;
				GCC_OPTIMIZATION_LEVEL = 0;
				GCC_PREPROCESSOR_DEFINITIONS = (
					"DEBUG=1",
					"$(inherited)",
				);
				GCC_WARN_64_TO_32_BIT_CONVERSION = YES;
				GCC_WARN_ABOUT_RETURN_TYPE = YES_ERROR;
				GCC_WARN_UNDECLARED_SELECTOR = YES;
				GCC_WARN_UNINITIALIZED_AUTOS = YES_AGGRESSIVE;
				GCC_WARN_UNUSED_FUNCTION = YES;
				GCC_WARN_UNUSED_VARIABLE = YES;
				IPHONEOS_DEPLOYMENT_TARGET = 16.2;
				MTL_ENABLE_DEBUG_INFO = INCLUDE_SOURCE;
				MTL_FAST_MATH = YES;
				ONLY_ACTIVE_ARCH = YES;
				SDKROOT = iphoneos;
				SWIFT_ACTIVE_COMPILATION_CONDITIONS = DEBUG;
				SWIFT_OPTIMIZATION_LEVEL = "-Onone";
			};
			name = Debug;
		};
		8A7D971C29B5E885001F025F /* Release */ = {
			isa = XCBuildConfiguration;
			buildSettings = {
				ALWAYS_SEARCH_USER_PATHS = NO;
				CLANG_ANALYZER_NONNULL = YES;
				CLANG_ANALYZER_NUMBER_OBJECT_CONVERSION = YES_AGGRESSIVE;
				CLANG_CXX_LANGUAGE_STANDARD = "gnu++20";
				CLANG_ENABLE_MODULES = YES;
				CLANG_ENABLE_OBJC_ARC = YES;
				CLANG_ENABLE_OBJC_WEAK = YES;
				CLANG_WARN_BLOCK_CAPTURE_AUTORELEASING = YES;
				CLANG_WARN_BOOL_CONVERSION = YES;
				CLANG_WARN_COMMA = YES;
				CLANG_WARN_CONSTANT_CONVERSION = YES;
				CLANG_WARN_DEPRECATED_OBJC_IMPLEMENTATIONS = YES;
				CLANG_WARN_DIRECT_OBJC_ISA_USAGE = YES_ERROR;
				CLANG_WARN_DOCUMENTATION_COMMENTS = YES;
				CLANG_WARN_EMPTY_BODY = YES;
				CLANG_WARN_ENUM_CONVERSION = YES;
				CLANG_WARN_INFINITE_RECURSION = YES;
				CLANG_WARN_INT_CONVERSION = YES;
				CLANG_WARN_NON_LITERAL_NULL_CONVERSION = YES;
				CLANG_WARN_OBJC_IMPLICIT_RETAIN_SELF = YES;
				CLANG_WARN_OBJC_LITERAL_CONVERSION = YES;
				CLANG_WARN_OBJC_ROOT_CLASS = YES_ERROR;
				CLANG_WARN_QUOTED_INCLUDE_IN_FRAMEWORK_HEADER = YES;
				CLANG_WARN_RANGE_LOOP_ANALYSIS = YES;
				CLANG_WARN_STRICT_PROTOTYPES = YES;
				CLANG_WARN_SUSPICIOUS_MOVE = YES;
				CLANG_WARN_UNGUARDED_AVAILABILITY = YES_AGGRESSIVE;
				CLANG_WARN_UNREACHABLE_CODE = YES;
				CLANG_WARN__DUPLICATE_METHOD_MATCH = YES;
				COPY_PHASE_STRIP = NO;
				DEBUG_INFORMATION_FORMAT = "dwarf-with-dsym";
				ENABLE_NS_ASSERTIONS = NO;
				ENABLE_STRICT_OBJC_MSGSEND = YES;
				GCC_C_LANGUAGE_STANDARD = gnu11;
				GCC_NO_COMMON_BLOCKS = YES;
				GCC_WARN_64_TO_32_BIT_CONVERSION = YES;
				GCC_WARN_ABOUT_RETURN_TYPE = YES_ERROR;
				GCC_WARN_UNDECLARED_SELECTOR = YES;
				GCC_WARN_UNINITIALIZED_AUTOS = YES_AGGRESSIVE;
				GCC_WARN_UNUSED_FUNCTION = YES;
				GCC_WARN_UNUSED_VARIABLE = YES;
				IPHONEOS_DEPLOYMENT_TARGET = 16.2;
				MTL_ENABLE_DEBUG_INFO = NO;
				MTL_FAST_MATH = YES;
				SDKROOT = iphoneos;
				SWIFT_COMPILATION_MODE = wholemodule;
				SWIFT_OPTIMIZATION_LEVEL = "-O";
				VALIDATE_PRODUCT = YES;
			};
			name = Release;
		};
		8A7D971E29B5E885001F025F /* Debug */ = {
			isa = XCBuildConfiguration;
			buildSettings = {
				ASSETCATALOG_COMPILER_APPICON_NAME = AppIcon;
				ASSETCATALOG_COMPILER_GLOBAL_ACCENT_COLOR_NAME = AccentColor;
				CODE_SIGN_STYLE = Automatic;
				CURRENT_PROJECT_VERSION = 1;
				DEVELOPMENT_ASSET_PATHS = "\"StoreLab Coding Challenge/Preview Content\"";
				DEVELOPMENT_TEAM = Z2Z2B942EK;
				ENABLE_PREVIEWS = YES;
				GENERATE_INFOPLIST_FILE = YES;
				INFOPLIST_KEY_UIApplicationSceneManifest_Generation = YES;
				INFOPLIST_KEY_UIApplicationSupportsIndirectInputEvents = YES;
				INFOPLIST_KEY_UILaunchScreen_Generation = YES;
				INFOPLIST_KEY_UISupportedInterfaceOrientations_iPad = "UIInterfaceOrientationPortrait UIInterfaceOrientationPortraitUpsideDown UIInterfaceOrientationLandscapeLeft UIInterfaceOrientationLandscapeRight";
				INFOPLIST_KEY_UISupportedInterfaceOrientations_iPhone = "UIInterfaceOrientationPortrait UIInterfaceOrientationLandscapeLeft UIInterfaceOrientationLandscapeRight";
				IPHONEOS_DEPLOYMENT_TARGET = 14.0;
				LD_RUNPATH_SEARCH_PATHS = (
					"$(inherited)",
					"@executable_path/Frameworks",
				);
				MARKETING_VERSION = 1.0;
				PRODUCT_BUNDLE_IDENTIFIER = "com.alexfoxart.test.StoreLab-Coding-Challenge";
				PRODUCT_NAME = "$(TARGET_NAME)";
				SWIFT_EMIT_LOC_STRINGS = YES;
				SWIFT_VERSION = 5.0;
				TARGETED_DEVICE_FAMILY = "1,2";
			};
			name = Debug;
		};
		8A7D971F29B5E885001F025F /* Release */ = {
			isa = XCBuildConfiguration;
			buildSettings = {
				ASSETCATALOG_COMPILER_APPICON_NAME = AppIcon;
				ASSETCATALOG_COMPILER_GLOBAL_ACCENT_COLOR_NAME = AccentColor;
				CODE_SIGN_STYLE = Automatic;
				CURRENT_PROJECT_VERSION = 1;
				DEVELOPMENT_ASSET_PATHS = "\"StoreLab Coding Challenge/Preview Content\"";
				DEVELOPMENT_TEAM = Z2Z2B942EK;
				ENABLE_PREVIEWS = YES;
				GENERATE_INFOPLIST_FILE = YES;
				INFOPLIST_KEY_UIApplicationSceneManifest_Generation = YES;
				INFOPLIST_KEY_UIApplicationSupportsIndirectInputEvents = YES;
				INFOPLIST_KEY_UILaunchScreen_Generation = YES;
				INFOPLIST_KEY_UISupportedInterfaceOrientations_iPad = "UIInterfaceOrientationPortrait UIInterfaceOrientationPortraitUpsideDown UIInterfaceOrientationLandscapeLeft UIInterfaceOrientationLandscapeRight";
				INFOPLIST_KEY_UISupportedInterfaceOrientations_iPhone = "UIInterfaceOrientationPortrait UIInterfaceOrientationLandscapeLeft UIInterfaceOrientationLandscapeRight";
				IPHONEOS_DEPLOYMENT_TARGET = 14.0;
				LD_RUNPATH_SEARCH_PATHS = (
					"$(inherited)",
					"@executable_path/Frameworks",
				);
				MARKETING_VERSION = 1.0;
				PRODUCT_BUNDLE_IDENTIFIER = "com.alexfoxart.test.StoreLab-Coding-Challenge";
				PRODUCT_NAME = "$(TARGET_NAME)";
				SWIFT_EMIT_LOC_STRINGS = YES;
				SWIFT_VERSION = 5.0;
				TARGETED_DEVICE_FAMILY = "1,2";
			};
			name = Release;
		};
		8A7D972129B5E885001F025F /* Debug */ = {
			isa = XCBuildConfiguration;
			buildSettings = {
				ALWAYS_EMBED_SWIFT_STANDARD_LIBRARIES = YES;
				BUNDLE_LOADER = "$(TEST_HOST)";
				CODE_SIGN_STYLE = Automatic;
				CURRENT_PROJECT_VERSION = 1;
				DEVELOPMENT_TEAM = Z2Z2B942EK;
				GENERATE_INFOPLIST_FILE = YES;
				IPHONEOS_DEPLOYMENT_TARGET = 16.2;
				MARKETING_VERSION = 1.0;
				PRODUCT_BUNDLE_IDENTIFIER = "com.alexfoxart.test.StoreLab-Coding-ChallengeTests";
				PRODUCT_NAME = "$(TARGET_NAME)";
				SWIFT_EMIT_LOC_STRINGS = NO;
				SWIFT_VERSION = 5.0;
				TARGETED_DEVICE_FAMILY = "1,2";
				TEST_HOST = "$(BUILT_PRODUCTS_DIR)/StoreLab Coding Challenge.app/$(BUNDLE_EXECUTABLE_FOLDER_PATH)/StoreLab Coding Challenge";
			};
			name = Debug;
		};
		8A7D972229B5E885001F025F /* Release */ = {
			isa = XCBuildConfiguration;
			buildSettings = {
				ALWAYS_EMBED_SWIFT_STANDARD_LIBRARIES = YES;
				BUNDLE_LOADER = "$(TEST_HOST)";
				CODE_SIGN_STYLE = Automatic;
				CURRENT_PROJECT_VERSION = 1;
				DEVELOPMENT_TEAM = Z2Z2B942EK;
				GENERATE_INFOPLIST_FILE = YES;
				IPHONEOS_DEPLOYMENT_TARGET = 16.2;
				MARKETING_VERSION = 1.0;
				PRODUCT_BUNDLE_IDENTIFIER = "com.alexfoxart.test.StoreLab-Coding-ChallengeTests";
				PRODUCT_NAME = "$(TARGET_NAME)";
				SWIFT_EMIT_LOC_STRINGS = NO;
				SWIFT_VERSION = 5.0;
				TARGETED_DEVICE_FAMILY = "1,2";
				TEST_HOST = "$(BUILT_PRODUCTS_DIR)/StoreLab Coding Challenge.app/$(BUNDLE_EXECUTABLE_FOLDER_PATH)/StoreLab Coding Challenge";
			};
			name = Release;
		};
		8A7D972429B5E885001F025F /* Debug */ = {
			isa = XCBuildConfiguration;
			buildSettings = {
				ALWAYS_EMBED_SWIFT_STANDARD_LIBRARIES = YES;
				CODE_SIGN_STYLE = Automatic;
				CURRENT_PROJECT_VERSION = 1;
				DEVELOPMENT_TEAM = Z2Z2B942EK;
				GENERATE_INFOPLIST_FILE = YES;
				MARKETING_VERSION = 1.0;
				PRODUCT_BUNDLE_IDENTIFIER = "com.alexfoxart.test.StoreLab-Coding-ChallengeUITests";
				PRODUCT_NAME = "$(TARGET_NAME)";
				SWIFT_EMIT_LOC_STRINGS = NO;
				SWIFT_VERSION = 5.0;
				TARGETED_DEVICE_FAMILY = "1,2";
				TEST_TARGET_NAME = "StoreLab Coding Challenge";
			};
			name = Debug;
		};
		8A7D972529B5E885001F025F /* Release */ = {
			isa = XCBuildConfiguration;
			buildSettings = {
				ALWAYS_EMBED_SWIFT_STANDARD_LIBRARIES = YES;
				CODE_SIGN_STYLE = Automatic;
				CURRENT_PROJECT_VERSION = 1;
				DEVELOPMENT_TEAM = Z2Z2B942EK;
				GENERATE_INFOPLIST_FILE = YES;
				MARKETING_VERSION = 1.0;
				PRODUCT_BUNDLE_IDENTIFIER = "com.alexfoxart.test.StoreLab-Coding-ChallengeUITests";
				PRODUCT_NAME = "$(TARGET_NAME)";
				SWIFT_EMIT_LOC_STRINGS = NO;
				SWIFT_VERSION = 5.0;
				TARGETED_DEVICE_FAMILY = "1,2";
				TEST_TARGET_NAME = "StoreLab Coding Challenge";
			};
			name = Release;
		};
/* End XCBuildConfiguration section */

/* Begin XCConfigurationList section */
		8A7D96F429B5E884001F025F /* Build configuration list for PBXProject "StoreLab Coding Challenge" */ = {
			isa = XCConfigurationList;
			buildConfigurations = (
				8A7D971B29B5E885001F025F /* Debug */,
				8A7D971C29B5E885001F025F /* Release */,
			);
			defaultConfigurationIsVisible = 0;
			defaultConfigurationName = Release;
		};
		8A7D971D29B5E885001F025F /* Build configuration list for PBXNativeTarget "StoreLab Coding Challenge" */ = {
			isa = XCConfigurationList;
			buildConfigurations = (
				8A7D971E29B5E885001F025F /* Debug */,
				8A7D971F29B5E885001F025F /* Release */,
			);
			defaultConfigurationIsVisible = 0;
			defaultConfigurationName = Release;
		};
		8A7D972029B5E885001F025F /* Build configuration list for PBXNativeTarget "StoreLab Coding ChallengeTests" */ = {
			isa = XCConfigurationList;
			buildConfigurations = (
				8A7D972129B5E885001F025F /* Debug */,
				8A7D972229B5E885001F025F /* Release */,
			);
			defaultConfigurationIsVisible = 0;
			defaultConfigurationName = Release;
		};
		8A7D972329B5E885001F025F /* Build configuration list for PBXNativeTarget "StoreLab Coding ChallengeUITests" */ = {
			isa = XCConfigurationList;
			buildConfigurations = (
				8A7D972429B5E885001F025F /* Debug */,
				8A7D972529B5E885001F025F /* Release */,
			);
			defaultConfigurationIsVisible = 0;
			defaultConfigurationName = Release;
		};
/* End XCConfigurationList section */

/* Begin XCRemoteSwiftPackageReference section */
		8AF906D229B60F9900E434CA /* XCRemoteSwiftPackageReference "Nuke" */ = {
			isa = XCRemoteSwiftPackageReference;
			repositoryURL = "https://github.com/kean/Nuke";
			requirement = {
				branch = main;
				kind = branch;
			};
		};
/* End XCRemoteSwiftPackageReference section */

/* Begin XCSwiftPackageProductDependency section */
		8AF906D329B60F9900E434CA /* Nuke */ = {
			isa = XCSwiftPackageProductDependency;
			package = 8AF906D229B60F9900E434CA /* XCRemoteSwiftPackageReference "Nuke" */;
			productName = Nuke;
		};
		8AF906D529B60F9900E434CA /* NukeUI */ = {
			isa = XCSwiftPackageProductDependency;
			package = 8AF906D229B60F9900E434CA /* XCRemoteSwiftPackageReference "Nuke" */;
			productName = NukeUI;
		};
/* End XCSwiftPackageProductDependency section */

/* Begin XCVersionGroup section */
		8A20941129B8837C002F3AEF /* ImageInfoSave.xcdatamodeld */ = {
			isa = XCVersionGroup;
			children = (
				8A20941229B8837C002F3AEF /* ImageInfoSave.xcdatamodel */,
			);
			currentVersion = 8A20941229B8837C002F3AEF /* ImageInfoSave.xcdatamodel */;
			path = ImageInfoSave.xcdatamodeld;
			sourceTree = "<group>";
			versionGroupType = wrapper.xcdatamodel;
		};
/* End XCVersionGroup section */
	};
	rootObject = 8A7D96F129B5E884001F025F /* Project object */;
}
