// !$*UTF8*$!
{
	archiveVersion = 1;
	classes = {
	};
	objectVersion = 56;
	objects = {

/* Begin PBXBuildFile section */
		8A7D96FD29B5E884001F025F /* StoreLab_Coding_ChallengeApp.swift in Sources */ = {isa = PBXBuildFile; fileRef = 8A7D96FC29B5E884001F025F /* StoreLab_Coding_ChallengeApp.swift */; };
		8A7D96FF29B5E884001F025F /* ContentView.swift in Sources */ = {isa = PBXBuildFile; fileRef = 8A7D96FE29B5E884001F025F /* ContentView.swift */; };
		8A7D970129B5E885001F025F /* Assets.xcassets in Resources */ = {isa = PBXBuildFile; fileRef = 8A7D970029B5E885001F025F /* Assets.xcassets */; };
		8A7D970429B5E885001F025F /* Preview Assets.xcassets in Resources */ = {isa = PBXBuildFile; fileRef = 8A7D970329B5E885001F025F /* Preview Assets.xcassets */; };
		8A7D970E29B5E885001F025F /* StoreLab_Coding_ChallengeTests.swift in Sources */ = {isa = PBXBuildFile; fileRef = 8A7D970D29B5E885001F025F /* StoreLab_Coding_ChallengeTests.swift */; };
		8A7D971829B5E885001F025F /* StoreLab_Coding_ChallengeUITests.swift in Sources */ = {isa = PBXBuildFile; fileRef = 8A7D971729B5E885001F025F /* StoreLab_Coding_ChallengeUITests.swift */; };
		8A7D971A29B5E885001F025F /* StoreLab_Coding_ChallengeUITestsLaunchTests.swift in Sources */ = {isa = PBXBuildFile; fileRef = 8A7D971929B5E885001F025F /* StoreLab_Coding_ChallengeUITestsLaunchTests.swift */; };
/* End PBXBuildFile section */

/* Begin PBXContainerItemProxy section */
		8A7D970A29B5E885001F025F /* PBXContainerItemProxy */ = {
			isa = PBXContainerItemProxy;
			containerPortal = 8A7D96F129B5E884001F025F /* Project object */;
			proxyType = 1;
			remoteGlobalIDString = 8A7D96F829B5E884001F025F;
			remoteInfo = "StoreLab Coding Challenge";
		};
		8A7D971429B5E885001F025F /* PBXContainerItemProxy */ = {
			isa = PBXContainerItemProxy;
			containerPortal = 8A7D96F129B5E884001F025F /* Project object */;
			proxyType = 1;
			remoteGlobalIDString = 8A7D96F829B5E884001F025F;
			remoteInfo = "StoreLab Coding Challenge";
		};
/* End PBXContainerItemProxy section */

/* Begin PBXFileReference section */
		8A7D96F929B5E884001F025F /* StoreLab Coding Challenge.app */ = {isa = PBXFileReference; explicitFileType = wrapper.application; includeInIndex = 0; path = "StoreLab Coding Challenge.app"; sourceTree = BUILT_PRODUCTS_DIR; };
		8A7D96FC29B5E884001F025F /* StoreLab_Coding_ChallengeApp.swift */ = {isa = PBXFileReference; lastKnownFileType = sourcecode.swift; path = StoreLab_Coding_ChallengeApp.swift; sourceTree = "<group>"; };
		8A7D96FE29B5E884001F025F /* ContentView.swift */ = {isa = PBXFileReference; lastKnownFileType = sourcecode.swift; path = ContentView.swift; sourceTree = "<group>"; };
		8A7D970029B5E885001F025F /* Assets.xcassets */ = {isa = PBXFileReference; lastKnownFileType = folder.assetcatalog; path = Assets.xcassets; sourceTree = "<group>"; };
		8A7D970329B5E885001F025F /* Preview Assets.xcassets */ = {isa = PBXFileReference; lastKnownFileType = folder.assetcatalog; path = "Preview Assets.xcassets"; sourceTree = "<group>"; };
		8A7D970929B5E885001F025F /* StoreLab Coding ChallengeTests.xctest */ = {isa = PBXFileReference; explicitFileType = wrapper.cfbundle; includeInIndex = 0; path = "StoreLab Coding ChallengeTests.xctest"; sourceTree = BUILT_PRODUCTS_DIR; };
		8A7D970D29B5E885001F025F /* StoreLab_Coding_ChallengeTests.swift */ = {isa = PBXFileReference; lastKnownFileType = sourcecode.swift; path = StoreLab_Coding_ChallengeTests.swift; sourceTree = "<group>"; };
		8A7D971329B5E885001F025F /* StoreLab Coding ChallengeUITests.xctest */ = {isa = PBXFileReference; explicitFileType = wrapper.cfbundle; includeInIndex = 0; path = "StoreLab Coding ChallengeUITests.xctest"; sourceTree = BUILT_PRODUCTS_DIR; };
		8A7D971729B5E885001F025F /* StoreLab_Coding_ChallengeUITests.swift */ = {isa = PBXFileReference; lastKnownFileType = sourcecode.swift; path = StoreLab_Coding_ChallengeUITests.swift; sourceTree = "<group>"; };
		8A7D971929B5E885001F025F /* StoreLab_Coding_ChallengeUITestsLaunchTests.swift */ = {isa = PBXFileReference; lastKnownFileType = sourcecode.swift; path = StoreLab_Coding_ChallengeUITestsLaunchTests.swift; sourceTree = "<group>"; };
/* End PBXFileReference section */

/* Begin PBXFrameworksBuildPhase section */
		8A7D96F629B5E884001F025F /* Frameworks */ = {
			isa = PBXFrameworksBuildPhase;
			buildActionMask = 2147483647;
			files = (
			);
			runOnlyForDeploymentPostprocessing = 0;
		};
		8A7D970629B5E885001F025F /* Frameworks */ = {
			isa = PBXFrameworksBuildPhase;
			buildActionMask = 2147483647;
			files = (
			);
			runOnlyForDeploymentPostprocessing = 0;
		};
		8A7D971029B5E885001F025F /* Frameworks */ = {
			isa = PBXFrameworksBuildPhase;
			buildActionMask = 2147483647;
			files = (
			);
			runOnlyForDeploymentPostprocessing = 0;
		};
/* End PBXFrameworksBuildPhase section */

/* Begin PBXGroup section */
		8A7D96F029B5E884001F025F = {
			isa = PBXGroup;
			children = (
				8A7D96FB29B5E884001F025F /* StoreLab Coding Challenge */,
				8A7D970C29B5E885001F025F /* StoreLab Coding ChallengeTests */,
				8A7D971629B5E885001F025F /* StoreLab Coding ChallengeUITests */,
				8A7D96FA29B5E884001F025F /* Products */,
			);
			sourceTree = "<group>";
		};
		8A7D96FA29B5E884001F025F /* Products */ = {
			isa = PBXGroup;
			children = (
				8A7D96F929B5E884001F025F /* StoreLab Coding Challenge.app */,
				8A7D970929B5E885001F025F /* StoreLab Coding ChallengeTests.xctest */,
				8A7D971329B5E885001F025F /* StoreLab Coding ChallengeUITests.xctest */,
			);
			name = Products;
			sourceTree = "<group>";
		};
		8A7D96FB29B5E884001F025F /* StoreLab Coding Challenge */ = {
			isa = PBXGroup;
			children = (
				8A7D96FC29B5E884001F025F /* StoreLab_Coding_ChallengeApp.swift */,
				8A7D96FE29B5E884001F025F /* ContentView.swift */,
				8A7D970029B5E885001F025F /* Assets.xcassets */,
				8A7D970229B5E885001F025F /* Preview Content */,
			);
			path = "StoreLab Coding Challenge";
			sourceTree = "<group>";
		};
		8A7D970229B5E885001F025F /* Preview Content */ = {
			isa = PBXGroup;
			children = (
				8A7D970329B5E885001F025F /* Preview Assets.xcassets */,
			);
			path = "Preview Content";
			sourceTree = "<group>";
		};
		8A7D970C29B5E885001F025F /* StoreLab Coding ChallengeTests */ = {
			isa = PBXGroup;
			children = (
				8A7D970D29B5E885001F025F /* StoreLab_Coding_ChallengeTests.swift */,
			);
			path = "StoreLab Coding ChallengeTests";
			sourceTree = "<group>";
		};
		8A7D971629B5E885001F025F /* StoreLab Coding ChallengeUITests */ = {
			isa = PBXGroup;
			children = (
				8A7D971729B5E885001F025F /* StoreLab_Coding_ChallengeUITests.swift */,
				8A7D971929B5E885001F025F /* StoreLab_Coding_ChallengeUITestsLaunchTests.swift */,
			);
			path = "StoreLab Coding ChallengeUITests";
			sourceTree = "<group>";
		};
/* End PBXGroup section */

/* Begin PBXNativeTarget section */
		8A7D96F829B5E884001F025F /* StoreLab Coding Challenge */ = {
			isa = PBXNativeTarget;
			buildConfigurationList = 8A7D971D29B5E885001F025F /* Build configuration list for PBXNativeTarget "StoreLab Coding Challenge" */;
			buildPhases = (
				8A7D96F529B5E884001F025F /* Sources */,
				8A7D96F629B5E884001F025F /* Frameworks */,
				8A7D96F729B5E884001F025F /* Resources */,
			);
			buildRules = (
			);
			dependencies = (
			);
			name = "StoreLab Coding Challenge";
			productName = "StoreLab Coding Challenge";
			productReference = 8A7D96F929B5E884001F025F /* StoreLab Coding Challenge.app */;
			productType = "com.apple.product-type.application";
		};
		8A7D970829B5E885001F025F /* StoreLab Coding ChallengeTests */ = {
			isa = PBXNativeTarget;
			buildConfigurationList = 8A7D972029B5E885001F025F /* Build configuration list for PBXNativeTarget "StoreLab Coding ChallengeTests" */;
			buildPhases = (
				8A7D970529B5E885001F025F /* Sources */,
				8A7D970629B5E885001F025F /* Frameworks */,
				8A7D970729B5E885001F025F /* Resources */,
			);
			buildRules = (
			);
			dependencies = (
				8A7D970B29B5E885001F025F /* PBXTargetDependency */,
			);
			name = "StoreLab Coding ChallengeTests";
			productName = "StoreLab Coding ChallengeTests";
			productReference = 8A7D970929B5E885001F025F /* StoreLab Coding ChallengeTests.xctest */;
			productType = "com.apple.product-type.bundle.unit-test";
		};
		8A7D971229B5E885001F025F /* StoreLab Coding ChallengeUITests */ = {
			isa = PBXNativeTarget;
			buildConfigurationList = 8A7D972329B5E885001F025F /* Build configuration list for PBXNativeTarget "StoreLab Coding ChallengeUITests" */;
			buildPhases = (
				8A7D970F29B5E885001F025F /* Sources */,
				8A7D971029B5E885001F025F /* Frameworks */,
				8A7D971129B5E885001F025F /* Resources */,
			);
			buildRules = (
			);
			dependencies = (
				8A7D971529B5E885001F025F /* PBXTargetDependency */,
			);
			name = "StoreLab Coding ChallengeUITests";
			productName = "StoreLab Coding ChallengeUITests";
			productReference = 8A7D971329B5E885001F025F /* StoreLab Coding ChallengeUITests.xctest */;
			productType = "com.apple.product-type.bundle.ui-testing";
		};
/* End PBXNativeTarget section */

/* Begin PBXProject section */
		8A7D96F129B5E884001F025F /* Project object */ = {
			isa = PBXProject;
			attributes = {
				BuildIndependentTargetsInParallel = 1;
				LastSwiftUpdateCheck = 1420;
				LastUpgradeCheck = 1420;
				TargetAttributes = {
					8A7D96F829B5E884001F025F = {
						CreatedOnToolsVersion = 14.2;
					};
					8A7D970829B5E885001F025F = {
						CreatedOnToolsVersion = 14.2;
						TestTargetID = 8A7D96F829B5E884001F025F;
					};
					8A7D971229B5E885001F025F = {
						CreatedOnToolsVersion = 14.2;
						TestTargetID = 8A7D96F829B5E884001F025F;
					};
				};
			};
			buildConfigurationList = 8A7D96F429B5E884001F025F /* Build configuration list for PBXProject "StoreLab Coding Challenge" */;
			compatibilityVersion = "Xcode 14.0";
			developmentRegion = en;
			hasScannedForEncodings = 0;
			knownRegions = (
				en,
				Base,
			);
			mainGroup = 8A7D96F029B5E884001F025F;
			productRefGroup = 8A7D96FA29B5E884001F025F /* Products */;
			projectDirPath = "";
			projectRoot = "";
			targets = (
				8A7D96F829B5E884001F025F /* StoreLab Coding Challenge */,
				8A7D970829B5E885001F025F /* StoreLab Coding ChallengeTests */,
				8A7D971229B5E885001F025F /* StoreLab Coding ChallengeUITests */,
			);
		};
/* End PBXProject section */

/* Begin PBXResourcesBuildPhase section */
		8A7D96F729B5E884001F025F /* Resources */ = {
			isa = PBXResourcesBuildPhase;
			buildActionMask = 2147483647;
			files = (
				8A7D970429B5E885001F025F /* Preview Assets.xcassets in Resources */,
				8A7D970129B5E885001F025F /* Assets.xcassets in Resources */,
			);
			runOnlyForDeploymentPostprocessing = 0;
		};
		8A7D970729B5E885001F025F /* Resources */ = {
			isa = PBXResourcesBuildPhase;
			buildActionMask = 2147483647;
			files = (
			);
			runOnlyForDeploymentPostprocessing = 0;
		};
		8A7D971129B5E885001F025F /* Resources */ = {
			isa = PBXResourcesBuildPhase;
			buildActionMask = 2147483647;
			files = (
			);
			runOnlyForDeploymentPostprocessing = 0;
		};
/* End PBXResourcesBuildPhase section */

/* Begin PBXSourcesBuildPhase section */
		8A7D96F529B5E884001F025F /* Sources */ = {
			isa = PBXSourcesBuildPhase;
			buildActionMask = 2147483647;
			files = (
				8A7D96FF29B5E884001F025F /* ContentView.swift in Sources */,
				8A7D96FD29B5E884001F025F /* StoreLab_Coding_ChallengeApp.swift in Sources */,
			);
			runOnlyForDeploymentPostprocessing = 0;
		};
		8A7D970529B5E885001F025F /* Sources */ = {
			isa = PBXSourcesBuildPhase;
			buildActionMask = 2147483647;
			files = (
				8A7D970E29B5E885001F025F /* StoreLab_Coding_ChallengeTests.swift in Sources */,
			);
			runOnlyForDeploymentPostprocessing = 0;
		};
		8A7D970F29B5E885001F025F /* Sources */ = {
			isa = PBXSourcesBuildPhase;
			buildActionMask = 2147483647;
			files = (
				8A7D971A29B5E885001F025F /* StoreLab_Coding_ChallengeUITestsLaunchTests.swift in Sources */,
				8A7D971829B5E885001F025F /* StoreLab_Coding_ChallengeUITests.swift in Sources */,
			);
			runOnlyForDeploymentPostprocessing = 0;
		};
/* End PBXSourcesBuildPhase section */

/* Begin PBXTargetDependency section */
		8A7D970B29B5E885001F025F /* PBXTargetDependency */ = {
			isa = PBXTargetDependency;
			target = 8A7D96F829B5E884001F025F /* StoreLab Coding Challenge */;
			targetProxy = 8A7D970A29B5E885001F025F /* PBXContainerItemProxy */;
		};
		8A7D971529B5E885001F025F /* PBXTargetDependency */ = {
			isa = PBXTargetDependency;
			target = 8A7D96F829B5E884001F025F /* StoreLab Coding Challenge */;
			targetProxy = 8A7D971429B5E885001F025F /* PBXContainerItemProxy */;
		};
/* End PBXTargetDependency section */

/* Begin XCBuildConfiguration section */
		8A7D971B29B5E885001F025F /* Debug */ = {
			isa = XCBuildConfiguration;
			buildSettings = {
				ALWAYS_SEARCH_USER_PATHS = NO;
				CLANG_ANALYZER_NONNULL = YES;
				CLANG_ANALYZER_NUMBER_OBJECT_CONVERSION = YES_AGGRESSIVE;
				CLANG_CXX_LANGUAGE_STANDARD = "gnu++20";
				CLANG_ENABLE_MODULES = YES;
				CLANG_ENABLE_OBJC_ARC = YES;
				CLANG_ENABLE_OBJC_WEAK = YES;
				CLANG_WARN_BLOCK_CAPTURE_AUTORELEASING = YES;
				CLANG_WARN_BOOL_CONVERSION = YES;
				CLANG_WARN_COMMA = YES;
				CLANG_WARN_CONSTANT_CONVERSION = YES;
				CLANG_WARN_DEPRECATED_OBJC_IMPLEMENTATIONS = YES;
				CLANG_WARN_DIRECT_OBJC_ISA_USAGE = YES_ERROR;
				CLANG_WARN_DOCUMENTATION_COMMENTS = YES;
				CLANG_WARN_EMPTY_BODY = YES;
				CLANG_WARN_ENUM_CONVERSION = YES;
				CLANG_WARN_INFINITE_RECURSION = YES;
				CLANG_WARN_INT_CONVERSION = YES;
				CLANG_WARN_NON_LITERAL_NULL_CONVERSION = YES;
				CLANG_WARN_OBJC_IMPLICIT_RETAIN_SELF = YES;
				CLANG_WARN_OBJC_LITERAL_CONVERSION = YES;
				CLANG_WARN_OBJC_ROOT_CLASS = YES_ERROR;
				CLANG_WARN_QUOTED_INCLUDE_IN_FRAMEWORK_HEADER = YES;
				CLANG_WARN_RANGE_LOOP_ANALYSIS = YES;
				CLANG_WARN_STRICT_PROTOTYPES = YES;
				CLANG_WARN_SUSPICIOUS_MOVE = YES;
				CLANG_WARN_UNGUARDED_AVAILABILITY = YES_AGGRESSIVE;
				CLANG_WARN_UNREACHABLE_CODE = YES;
				CLANG_WARN__DUPLICATE_METHOD_MATCH = YES;
				COPY_PHASE_STRIP = NO;
				DEBUG_INFORMATION_FORMAT = dwarf;
				ENABLE_STRICT_OBJC_MSGSEND = YES;
				ENABLE_TESTABILITY = YES;
				GCC_C_LANGUAGE_STANDARD = gnu11;
				GCC_DYNAMIC_NO_PIC = NO;
				GCC_NO_COMMON_BLOCKS = YES;
				GCC_OPTIMIZATION_LEVEL = 0;
				GCC_PREPROCESSOR_DEFINITIONS = (
					"DEBUG=1",
					"$(inherited)",
				);
				GCC_WARN_64_TO_32_BIT_CONVERSION = YES;
				GCC_WARN_ABOUT_RETURN_TYPE = YES_ERROR;
				GCC_WARN_UNDECLARED_SELECTOR = YES;
				GCC_WARN_UNINITIALIZED_AUTOS = YES_AGGRESSIVE;
				GCC_WARN_UNUSED_FUNCTION = YES;
				GCC_WARN_UNUSED_VARIABLE = YES;
				IPHONEOS_DEPLOYMENT_TARGET = 16.2;
				MTL_ENABLE_DEBUG_INFO = INCLUDE_SOURCE;
				MTL_FAST_MATH = YES;
				ONLY_ACTIVE_ARCH = YES;
				SDKROOT = iphoneos;
				SWIFT_ACTIVE_COMPILATION_CONDITIONS = DEBUG;
				SWIFT_OPTIMIZATION_LEVEL = "-Onone";
			};
			name = Debug;
		};
		8A7D971C29B5E885001F025F /* Release */ = {
			isa = XCBuildConfiguration;
			buildSettings = {
				ALWAYS_SEARCH_USER_PATHS = NO;
				CLANG_ANALYZER_NONNULL = YES;
				CLANG_ANALYZER_NUMBER_OBJECT_CONVERSION = YES_AGGRESSIVE;
				CLANG_CXX_LANGUAGE_STANDARD = "gnu++20";
				CLANG_ENABLE_MODULES = YES;
				CLANG_ENABLE_OBJC_ARC = YES;
				CLANG_ENABLE_OBJC_WEAK = YES;
				CLANG_WARN_BLOCK_CAPTURE_AUTORELEASING = YES;
				CLANG_WARN_BOOL_CONVERSION = YES;
				CLANG_WARN_COMMA = YES;
				CLANG_WARN_CONSTANT_CONVERSION = YES;
				CLANG_WARN_DEPRECATED_OBJC_IMPLEMENTATIONS = YES;
				CLANG_WARN_DIRECT_OBJC_ISA_USAGE = YES_ERROR;
				CLANG_WARN_DOCUMENTATION_COMMENTS = YES;
				CLANG_WARN_EMPTY_BODY = YES;
				CLANG_WARN_ENUM_CONVERSION = YES;
				CLANG_WARN_INFINITE_RECURSION = YES;
				CLANG_WARN_INT_CONVERSION = YES;
				CLANG_WARN_NON_LITERAL_NULL_CONVERSION = YES;
				CLANG_WARN_OBJC_IMPLICIT_RETAIN_SELF = YES;
				CLANG_WARN_OBJC_LITERAL_CONVERSION = YES;
				CLANG_WARN_OBJC_ROOT_CLASS = YES_ERROR;
				CLANG_WARN_QUOTED_INCLUDE_IN_FRAMEWORK_HEADER = YES;
				CLANG_WARN_RANGE_LOOP_ANALYSIS = YES;
				CLANG_WARN_STRICT_PROTOTYPES = YES;
				CLANG_WARN_SUSPICIOUS_MOVE = YES;
				CLANG_WARN_UNGUARDED_AVAILABILITY = YES_AGGRESSIVE;
				CLANG_WARN_UNREACHABLE_CODE = YES;
				CLANG_WARN__DUPLICATE_METHOD_MATCH = YES;
				COPY_PHASE_STRIP = NO;
				DEBUG_INFORMATION_FORMAT = "dwarf-with-dsym";
				ENABLE_NS_ASSERTIONS = NO;
				ENABLE_STRICT_OBJC_MSGSEND = YES;
				GCC_C_LANGUAGE_STANDARD = gnu11;
				GCC_NO_COMMON_BLOCKS = YES;
				GCC_WARN_64_TO_32_BIT_CONVERSION = YES;
				GCC_WARN_ABOUT_RETURN_TYPE = YES_ERROR;
				GCC_WARN_UNDECLARED_SELECTOR = YES;
				GCC_WARN_UNINITIALIZED_AUTOS = YES_AGGRESSIVE;
				GCC_WARN_UNUSED_FUNCTION = YES;
				GCC_WARN_UNUSED_VARIABLE = YES;
				IPHONEOS_DEPLOYMENT_TARGET = 16.2;
				MTL_ENABLE_DEBUG_INFO = NO;
				MTL_FAST_MATH = YES;
				SDKROOT = iphoneos;
				SWIFT_COMPILATION_MODE = wholemodule;
				SWIFT_OPTIMIZATION_LEVEL = "-O";
				VALIDATE_PRODUCT = YES;
			};
			name = Release;
		};
		8A7D971E29B5E885001F025F /* Debug */ = {
			isa = XCBuildConfiguration;
			buildSettings = {
				ASSETCATALOG_COMPILER_APPICON_NAME = AppIcon;
				ASSETCATALOG_COMPILER_GLOBAL_ACCENT_COLOR_NAME = AccentColor;
				CODE_SIGN_STYLE = Automatic;
				CURRENT_PROJECT_VERSION = 1;
				DEVELOPMENT_ASSET_PATHS = "\"StoreLab Coding Challenge/Preview Content\"";
				DEVELOPMENT_TEAM = Z2Z2B942EK;
				ENABLE_PREVIEWS = YES;
				GENERATE_INFOPLIST_FILE = YES;
				INFOPLIST_KEY_UIApplicationSceneManifest_Generation = YES;
				INFOPLIST_KEY_UIApplicationSupportsIndirectInputEvents = YES;
				INFOPLIST_KEY_UILaunchScreen_Generation = YES;
				INFOPLIST_KEY_UISupportedInterfaceOrientations_iPad = "UIInterfaceOrientationPortrait UIInterfaceOrientationPortraitUpsideDown UIInterfaceOrientationLandscapeLeft UIInterfaceOrientationLandscapeRight";
				INFOPLIST_KEY_UISupportedInterfaceOrientations_iPhone = "UIInterfaceOrientationPortrait UIInterfaceOrientationLandscapeLeft UIInterfaceOrientationLandscapeRight";
				LD_RUNPATH_SEARCH_PATHS = (
					"$(inherited)",
					"@executable_path/Frameworks",
				);
				MARKETING_VERSION = 1.0;
				PRODUCT_BUNDLE_IDENTIFIER = "com.alexfoxart.test.StoreLab-Coding-Challenge";
				PRODUCT_NAME = "$(TARGET_NAME)";
				SWIFT_EMIT_LOC_STRINGS = YES;
				SWIFT_VERSION = 5.0;
				TARGETED_DEVICE_FAMILY = "1,2";
			};
			name = Debug;
		};
		8A7D971F29B5E885001F025F /* Release */ = {
			isa = XCBuildConfiguration;
			buildSettings = {
				ASSETCATALOG_COMPILER_APPICON_NAME = AppIcon;
				ASSETCATALOG_COMPILER_GLOBAL_ACCENT_COLOR_NAME = AccentColor;
				CODE_SIGN_STYLE = Automatic;
				CURRENT_PROJECT_VERSION = 1;
				DEVELOPMENT_ASSET_PATHS = "\"StoreLab Coding Challenge/Preview Content\"";
				DEVELOPMENT_TEAM = Z2Z2B942EK;
				ENABLE_PREVIEWS = YES;
				GENERATE_INFOPLIST_FILE = YES;
				INFOPLIST_KEY_UIApplicationSceneManifest_Generation = YES;
				INFOPLIST_KEY_UIApplicationSupportsIndirectInputEvents = YES;
				INFOPLIST_KEY_UILaunchScreen_Generation = YES;
				INFOPLIST_KEY_UISupportedInterfaceOrientations_iPad = "UIInterfaceOrientationPortrait UIInterfaceOrientationPortraitUpsideDown UIInterfaceOrientationLandscapeLeft UIInterfaceOrientationLandscapeRight";
				INFOPLIST_KEY_UISupportedInterfaceOrientations_iPhone = "UIInterfaceOrientationPortrait UIInterfaceOrientationLandscapeLeft UIInterfaceOrientationLandscapeRight";
				LD_RUNPATH_SEARCH_PATHS = (
					"$(inherited)",
					"@executable_path/Frameworks",
				);
				MARKETING_VERSION = 1.0;
				PRODUCT_BUNDLE_IDENTIFIER = "com.alexfoxart.test.StoreLab-Coding-Challenge";
				PRODUCT_NAME = "$(TARGET_NAME)";
				SWIFT_EMIT_LOC_STRINGS = YES;
				SWIFT_VERSION = 5.0;
				TARGETED_DEVICE_FAMILY = "1,2";
			};
			name = Release;
		};
		8A7D972129B5E885001F025F /* Debug */ = {
			isa = XCBuildConfiguration;
			buildSettings = {
				ALWAYS_EMBED_SWIFT_STANDARD_LIBRARIES = YES;
				BUNDLE_LOADER = "$(TEST_HOST)";
				CODE_SIGN_STYLE = Automatic;
				CURRENT_PROJECT_VERSION = 1;
				DEVELOPMENT_TEAM = Z2Z2B942EK;
				GENERATE_INFOPLIST_FILE = YES;
				IPHONEOS_DEPLOYMENT_TARGET = 16.2;
				MARKETING_VERSION = 1.0;
				PRODUCT_BUNDLE_IDENTIFIER = "com.alexfoxart.test.StoreLab-Coding-ChallengeTests";
				PRODUCT_NAME = "$(TARGET_NAME)";
				SWIFT_EMIT_LOC_STRINGS = NO;
				SWIFT_VERSION = 5.0;
				TARGETED_DEVICE_FAMILY = "1,2";
				TEST_HOST = "$(BUILT_PRODUCTS_DIR)/StoreLab Coding Challenge.app/$(BUNDLE_EXECUTABLE_FOLDER_PATH)/StoreLab Coding Challenge";
			};
			name = Debug;
		};
		8A7D972229B5E885001F025F /* Release */ = {
			isa = XCBuildConfiguration;
			buildSettings = {
				ALWAYS_EMBED_SWIFT_STANDARD_LIBRARIES = YES;
				BUNDLE_LOADER = "$(TEST_HOST)";
				CODE_SIGN_STYLE = Automatic;
				CURRENT_PROJECT_VERSION = 1;
				DEVELOPMENT_TEAM = Z2Z2B942EK;
				GENERATE_INFOPLIST_FILE = YES;
				IPHONEOS_DEPLOYMENT_TARGET = 16.2;
				MARKETING_VERSION = 1.0;
				PRODUCT_BUNDLE_IDENTIFIER = "com.alexfoxart.test.StoreLab-Coding-ChallengeTests";
				PRODUCT_NAME = "$(TARGET_NAME)";
				SWIFT_EMIT_LOC_STRINGS = NO;
				SWIFT_VERSION = 5.0;
				TARGETED_DEVICE_FAMILY = "1,2";
				TEST_HOST = "$(BUILT_PRODUCTS_DIR)/StoreLab Coding Challenge.app/$(BUNDLE_EXECUTABLE_FOLDER_PATH)/StoreLab Coding Challenge";
			};
			name = Release;
		};
		8A7D972429B5E885001F025F /* Debug */ = {
			isa = XCBuildConfiguration;
			buildSettings = {
				ALWAYS_EMBED_SWIFT_STANDARD_LIBRARIES = YES;
				CODE_SIGN_STYLE = Automatic;
				CURRENT_PROJECT_VERSION = 1;
				DEVELOPMENT_TEAM = Z2Z2B942EK;
				GENERATE_INFOPLIST_FILE = YES;
				MARKETING_VERSION = 1.0;
				PRODUCT_BUNDLE_IDENTIFIER = "com.alexfoxart.test.StoreLab-Coding-ChallengeUITests";
				PRODUCT_NAME = "$(TARGET_NAME)";
				SWIFT_EMIT_LOC_STRINGS = NO;
				SWIFT_VERSION = 5.0;
				TARGETED_DEVICE_FAMILY = "1,2";
				TEST_TARGET_NAME = "StoreLab Coding Challenge";
			};
			name = Debug;
		};
		8A7D972529B5E885001F025F /* Release */ = {
			isa = XCBuildConfiguration;
			buildSettings = {
				ALWAYS_EMBED_SWIFT_STANDARD_LIBRARIES = YES;
				CODE_SIGN_STYLE = Automatic;
				CURRENT_PROJECT_VERSION = 1;
				DEVELOPMENT_TEAM = Z2Z2B942EK;
				GENERATE_INFOPLIST_FILE = YES;
				MARKETING_VERSION = 1.0;
				PRODUCT_BUNDLE_IDENTIFIER = "com.alexfoxart.test.StoreLab-Coding-ChallengeUITests";
				PRODUCT_NAME = "$(TARGET_NAME)";
				SWIFT_EMIT_LOC_STRINGS = NO;
				SWIFT_VERSION = 5.0;
				TARGETED_DEVICE_FAMILY = "1,2";
				TEST_TARGET_NAME = "StoreLab Coding Challenge";
			};
			name = Release;
		};
/* End XCBuildConfiguration section */

/* Begin XCConfigurationList section */
		8A7D96F429B5E884001F025F /* Build configuration list for PBXProject "StoreLab Coding Challenge" */ = {
			isa = XCConfigurationList;
			buildConfigurations = (
				8A7D971B29B5E885001F025F /* Debug */,
				8A7D971C29B5E885001F025F /* Release */,
			);
			defaultConfigurationIsVisible = 0;
			defaultConfigurationName = Release;
		};
		8A7D971D29B5E885001F025F /* Build configuration list for PBXNativeTarget "StoreLab Coding Challenge" */ = {
			isa = XCConfigurationList;
			buildConfigurations = (
				8A7D971E29B5E885001F025F /* Debug */,
				8A7D971F29B5E885001F025F /* Release */,
			);
			defaultConfigurationIsVisible = 0;
			defaultConfigurationName = Release;
		};
		8A7D972029B5E885001F025F /* Build configuration list for PBXNativeTarget "StoreLab Coding ChallengeTests" */ = {
			isa = XCConfigurationList;
			buildConfigurations = (
				8A7D972129B5E885001F025F /* Debug */,
				8A7D972229B5E885001F025F /* Release */,
			);
			defaultConfigurationIsVisible = 0;
			defaultConfigurationName = Release;
		};
		8A7D972329B5E885001F025F /* Build configuration list for PBXNativeTarget "StoreLab Coding ChallengeUITests" */ = {
			isa = XCConfigurationList;
			buildConfigurations = (
				8A7D972429B5E885001F025F /* Debug */,
				8A7D972529B5E885001F025F /* Release */,
			);
			defaultConfigurationIsVisible = 0;
			defaultConfigurationName = Release;
		};
/* End XCConfigurationList section */
	};
	rootObject = 8A7D96F129B5E884001F025F /* Project object */;
}
